
Microsoft Visual Studio Solution File, Format Version 12.00
# Visual Studio 2013
VisualStudioVersion = 12.0.40302.0
MinimumVisualStudioVersion = 10.0.40219.1
Project("{FAE04EC0-301F-11D3-BF4B-00C04F79EFBC}") = "LogWizard", "LogWizard.csproj", "{6049BFB8-AC77-4D90-8930-75CC7E5178A4}"
EndProject
Project("{54435603-DBB4-11D2-8724-00A0C9A8B90C}") = "logwizardsetup", "logwizardsetup\logwizardsetup.vdproj", "{0D2517D2-27ED-46E3-BBE7-54AC90F79E32}"
EndProject
Project("{FAE04EC0-301F-11D3-BF4B-00C04F79EFBC}") = "rewritelogfile", "rewritelogfile\rewritelogfile.csproj", "{AFCC8AC0-0109-4F10-95A4-B720D0AE723D}"
EndProject
Project("{FAE04EC0-301F-11D3-BF4B-00C04F79EFBC}") = "test_sharpzip", "test_sharpzip\test_sharpzip.csproj", "{03077BB6-4F12-4572-B96B-85A33AC60DFF}"
EndProject
Project("{FAE04EC0-301F-11D3-BF4B-00C04F79EFBC}") = "lw_common", "lw_common\lw_common.csproj", "{D7C0968B-59CA-4F94-A875-EF9DE8F098EB}"
EndProject
Project("{FAE04EC0-301F-11D3-BF4B-00C04F79EFBC}") = "test_ui", "test_ui\test_ui.csproj", "{6D1FF34C-B8CB-4427-8AED-3C19917155D4}"
EndProject
Project("{FAE04EC0-301F-11D3-BF4B-00C04F79EFBC}") = "color_picker", "lw_common\3rdparty\color_picker\color_picker.csproj", "{5D703FC5-EA9A-4BBB-BF08-E3A80EFDDAA8}"
EndProject
Project("{FAE04EC0-301F-11D3-BF4B-00C04F79EFBC}") = "ICSharpCode.SharpZLib", "lw_common\3rdparty\SharpZipLib\src\ICSharpCode.SharpZLib.csproj", "{0E7413FF-EB9E-4714-ACF2-BE3A6A7B2FFD}"
EndProject
Global
	GlobalSection(SolutionConfigurationPlatforms) = preSolution
		Dbg64|Any CPU = Dbg64|Any CPU
		Dbg64|Mixed Platforms = Dbg64|Mixed Platforms
		Dbg64|x64 = Dbg64|x64
		Dbg64|x86 = Dbg64|x86
		Debug|Any CPU = Debug|Any CPU
		Debug|Mixed Platforms = Debug|Mixed Platforms
		Debug|x64 = Debug|x64
		Debug|x86 = Debug|x86
		Release|Any CPU = Release|Any CPU
		Release|Mixed Platforms = Release|Mixed Platforms
		Release|x64 = Release|x64
		Release|x86 = Release|x86
		Release64|Any CPU = Release64|Any CPU
		Release64|Mixed Platforms = Release64|Mixed Platforms
		Release64|x64 = Release64|x64
		Release64|x86 = Release64|x86
	EndGlobalSection
	GlobalSection(ProjectConfigurationPlatforms) = postSolution
		{6049BFB8-AC77-4D90-8930-75CC7E5178A4}.Dbg64|Any CPU.ActiveCfg = Dbg64|x64
		{6049BFB8-AC77-4D90-8930-75CC7E5178A4}.Dbg64|Any CPU.Build.0 = Dbg64|x64
		{6049BFB8-AC77-4D90-8930-75CC7E5178A4}.Dbg64|Mixed Platforms.ActiveCfg = Dbg64|x64
		{6049BFB8-AC77-4D90-8930-75CC7E5178A4}.Dbg64|Mixed Platforms.Build.0 = Dbg64|x64
		{6049BFB8-AC77-4D90-8930-75CC7E5178A4}.Dbg64|x64.ActiveCfg = Dbg64|x64
		{6049BFB8-AC77-4D90-8930-75CC7E5178A4}.Dbg64|x64.Build.0 = Dbg64|x64
		{6049BFB8-AC77-4D90-8930-75CC7E5178A4}.Dbg64|x86.ActiveCfg = Dbg64|x86
		{6049BFB8-AC77-4D90-8930-75CC7E5178A4}.Dbg64|x86.Build.0 = Dbg64|x86
		{6049BFB8-AC77-4D90-8930-75CC7E5178A4}.Debug|Any CPU.ActiveCfg = Debug|x86
		{6049BFB8-AC77-4D90-8930-75CC7E5178A4}.Debug|Any CPU.Build.0 = Debug|x86
		{6049BFB8-AC77-4D90-8930-75CC7E5178A4}.Debug|Mixed Platforms.ActiveCfg = Debug|x86
		{6049BFB8-AC77-4D90-8930-75CC7E5178A4}.Debug|Mixed Platforms.Build.0 = Debug|x86
		{6049BFB8-AC77-4D90-8930-75CC7E5178A4}.Debug|x64.ActiveCfg = Debug|x64
		{6049BFB8-AC77-4D90-8930-75CC7E5178A4}.Debug|x64.Build.0 = Debug|x64
		{6049BFB8-AC77-4D90-8930-75CC7E5178A4}.Debug|x86.ActiveCfg = Debug|x86
		{6049BFB8-AC77-4D90-8930-75CC7E5178A4}.Debug|x86.Build.0 = Debug|x86
		{6049BFB8-AC77-4D90-8930-75CC7E5178A4}.Release|Any CPU.ActiveCfg = Release|x86
		{6049BFB8-AC77-4D90-8930-75CC7E5178A4}.Release|Any CPU.Build.0 = Release|x86
		{6049BFB8-AC77-4D90-8930-75CC7E5178A4}.Release|Mixed Platforms.ActiveCfg = Release|x86
		{6049BFB8-AC77-4D90-8930-75CC7E5178A4}.Release|Mixed Platforms.Build.0 = Release|x86
		{6049BFB8-AC77-4D90-8930-75CC7E5178A4}.Release|x64.ActiveCfg = Release|x64
		{6049BFB8-AC77-4D90-8930-75CC7E5178A4}.Release|x64.Build.0 = Release|x64
		{6049BFB8-AC77-4D90-8930-75CC7E5178A4}.Release|x86.ActiveCfg = Release|x86
		{6049BFB8-AC77-4D90-8930-75CC7E5178A4}.Release|x86.Build.0 = Release|x86
		{6049BFB8-AC77-4D90-8930-75CC7E5178A4}.Release64|Any CPU.ActiveCfg = Release64|x64
		{6049BFB8-AC77-4D90-8930-75CC7E5178A4}.Release64|Any CPU.Build.0 = Release64|x64
		{6049BFB8-AC77-4D90-8930-75CC7E5178A4}.Release64|Mixed Platforms.ActiveCfg = Release64|x64
		{6049BFB8-AC77-4D90-8930-75CC7E5178A4}.Release64|Mixed Platforms.Build.0 = Release64|x64
		{6049BFB8-AC77-4D90-8930-75CC7E5178A4}.Release64|x64.ActiveCfg = Release64|x64
		{6049BFB8-AC77-4D90-8930-75CC7E5178A4}.Release64|x64.Build.0 = Release64|x64
		{6049BFB8-AC77-4D90-8930-75CC7E5178A4}.Release64|x86.ActiveCfg = Release64|x86
		{6049BFB8-AC77-4D90-8930-75CC7E5178A4}.Release64|x86.Build.0 = Release64|x86
		{0D2517D2-27ED-46E3-BBE7-54AC90F79E32}.Dbg64|Any CPU.ActiveCfg = Dbg64
		{0D2517D2-27ED-46E3-BBE7-54AC90F79E32}.Dbg64|Mixed Platforms.ActiveCfg = Dbg64
		{0D2517D2-27ED-46E3-BBE7-54AC90F79E32}.Dbg64|x64.ActiveCfg = Dbg64
		{0D2517D2-27ED-46E3-BBE7-54AC90F79E32}.Dbg64|x64.Build.0 = Dbg64
		{0D2517D2-27ED-46E3-BBE7-54AC90F79E32}.Dbg64|x86.ActiveCfg = Dbg64
		{0D2517D2-27ED-46E3-BBE7-54AC90F79E32}.Dbg64|x86.Build.0 = Dbg64
		{0D2517D2-27ED-46E3-BBE7-54AC90F79E32}.Debug|Any CPU.ActiveCfg = Debug
		{0D2517D2-27ED-46E3-BBE7-54AC90F79E32}.Debug|Mixed Platforms.ActiveCfg = Debug
		{0D2517D2-27ED-46E3-BBE7-54AC90F79E32}.Debug|x64.ActiveCfg = Debug
		{0D2517D2-27ED-46E3-BBE7-54AC90F79E32}.Debug|x64.Build.0 = Debug
		{0D2517D2-27ED-46E3-BBE7-54AC90F79E32}.Debug|x86.ActiveCfg = Debug
		{0D2517D2-27ED-46E3-BBE7-54AC90F79E32}.Release|Any CPU.ActiveCfg = Release
		{0D2517D2-27ED-46E3-BBE7-54AC90F79E32}.Release|Mixed Platforms.ActiveCfg = Release
		{0D2517D2-27ED-46E3-BBE7-54AC90F79E32}.Release|x64.ActiveCfg = Release
		{0D2517D2-27ED-46E3-BBE7-54AC90F79E32}.Release|x64.Build.0 = Release
		{0D2517D2-27ED-46E3-BBE7-54AC90F79E32}.Release|x86.ActiveCfg = Release
		{0D2517D2-27ED-46E3-BBE7-54AC90F79E32}.Release64|Any CPU.ActiveCfg = Release64
		{0D2517D2-27ED-46E3-BBE7-54AC90F79E32}.Release64|Mixed Platforms.ActiveCfg = Release64
		{0D2517D2-27ED-46E3-BBE7-54AC90F79E32}.Release64|x64.ActiveCfg = Release64
		{0D2517D2-27ED-46E3-BBE7-54AC90F79E32}.Release64|x64.Build.0 = Release64
		{0D2517D2-27ED-46E3-BBE7-54AC90F79E32}.Release64|x86.ActiveCfg = Release64
		{0D2517D2-27ED-46E3-BBE7-54AC90F79E32}.Release64|x86.Build.0 = Release64
		{AFCC8AC0-0109-4F10-95A4-B720D0AE723D}.Dbg64|Any CPU.ActiveCfg = Dbg64|Any CPU
		{AFCC8AC0-0109-4F10-95A4-B720D0AE723D}.Dbg64|Any CPU.Build.0 = Dbg64|Any CPU
		{AFCC8AC0-0109-4F10-95A4-B720D0AE723D}.Dbg64|Mixed Platforms.ActiveCfg = Dbg64|Any CPU
		{AFCC8AC0-0109-4F10-95A4-B720D0AE723D}.Dbg64|Mixed Platforms.Build.0 = Dbg64|Any CPU
		{AFCC8AC0-0109-4F10-95A4-B720D0AE723D}.Dbg64|x64.ActiveCfg = Dbg64|Any CPU
		{AFCC8AC0-0109-4F10-95A4-B720D0AE723D}.Dbg64|x86.ActiveCfg = Dbg64|Any CPU
		{AFCC8AC0-0109-4F10-95A4-B720D0AE723D}.Debug|Any CPU.ActiveCfg = Debug|Any CPU
		{AFCC8AC0-0109-4F10-95A4-B720D0AE723D}.Debug|Any CPU.Build.0 = Debug|Any CPU
		{AFCC8AC0-0109-4F10-95A4-B720D0AE723D}.Debug|Mixed Platforms.ActiveCfg = Debug|Any CPU
		{AFCC8AC0-0109-4F10-95A4-B720D0AE723D}.Debug|Mixed Platforms.Build.0 = Debug|Any CPU
		{AFCC8AC0-0109-4F10-95A4-B720D0AE723D}.Debug|x64.ActiveCfg = Debug|Any CPU
		{AFCC8AC0-0109-4F10-95A4-B720D0AE723D}.Debug|x86.ActiveCfg = Debug|Any CPU
		{AFCC8AC0-0109-4F10-95A4-B720D0AE723D}.Release|Any CPU.ActiveCfg = Release|Any CPU
		{AFCC8AC0-0109-4F10-95A4-B720D0AE723D}.Release|Any CPU.Build.0 = Release|Any CPU
		{AFCC8AC0-0109-4F10-95A4-B720D0AE723D}.Release|Mixed Platforms.ActiveCfg = Release|Any CPU
		{AFCC8AC0-0109-4F10-95A4-B720D0AE723D}.Release|Mixed Platforms.Build.0 = Release|Any CPU
		{AFCC8AC0-0109-4F10-95A4-B720D0AE723D}.Release|x64.ActiveCfg = Release|Any CPU
		{AFCC8AC0-0109-4F10-95A4-B720D0AE723D}.Release|x86.ActiveCfg = Release|Any CPU
		{AFCC8AC0-0109-4F10-95A4-B720D0AE723D}.Release64|Any CPU.ActiveCfg = Release64|Any CPU
		{AFCC8AC0-0109-4F10-95A4-B720D0AE723D}.Release64|Any CPU.Build.0 = Release64|Any CPU
		{AFCC8AC0-0109-4F10-95A4-B720D0AE723D}.Release64|Mixed Platforms.ActiveCfg = Release64|Any CPU
		{AFCC8AC0-0109-4F10-95A4-B720D0AE723D}.Release64|Mixed Platforms.Build.0 = Release64|Any CPU
		{AFCC8AC0-0109-4F10-95A4-B720D0AE723D}.Release64|x64.ActiveCfg = Release64|Any CPU
		{AFCC8AC0-0109-4F10-95A4-B720D0AE723D}.Release64|x86.ActiveCfg = Release64|Any CPU
		{03077BB6-4F12-4572-B96B-85A33AC60DFF}.Dbg64|Any CPU.ActiveCfg = Debug|Any CPU
		{03077BB6-4F12-4572-B96B-85A33AC60DFF}.Dbg64|Any CPU.Build.0 = Debug|Any CPU
		{03077BB6-4F12-4572-B96B-85A33AC60DFF}.Dbg64|Mixed Platforms.ActiveCfg = Debug|Any CPU
		{03077BB6-4F12-4572-B96B-85A33AC60DFF}.Dbg64|Mixed Platforms.Build.0 = Debug|Any CPU
		{03077BB6-4F12-4572-B96B-85A33AC60DFF}.Dbg64|x64.ActiveCfg = Debug|Any CPU
		{03077BB6-4F12-4572-B96B-85A33AC60DFF}.Dbg64|x86.ActiveCfg = Debug|Any CPU
		{03077BB6-4F12-4572-B96B-85A33AC60DFF}.Debug|Any CPU.ActiveCfg = Debug|Any CPU
		{03077BB6-4F12-4572-B96B-85A33AC60DFF}.Debug|Any CPU.Build.0 = Debug|Any CPU
		{03077BB6-4F12-4572-B96B-85A33AC60DFF}.Debug|Mixed Platforms.ActiveCfg = Debug|Any CPU
		{03077BB6-4F12-4572-B96B-85A33AC60DFF}.Debug|Mixed Platforms.Build.0 = Debug|Any CPU
		{03077BB6-4F12-4572-B96B-85A33AC60DFF}.Debug|x64.ActiveCfg = Debug|Any CPU
		{03077BB6-4F12-4572-B96B-85A33AC60DFF}.Debug|x86.ActiveCfg = Debug|Any CPU
		{03077BB6-4F12-4572-B96B-85A33AC60DFF}.Release|Any CPU.ActiveCfg = Release|Any CPU
		{03077BB6-4F12-4572-B96B-85A33AC60DFF}.Release|Any CPU.Build.0 = Release|Any CPU
		{03077BB6-4F12-4572-B96B-85A33AC60DFF}.Release|Mixed Platforms.ActiveCfg = Release|Any CPU
		{03077BB6-4F12-4572-B96B-85A33AC60DFF}.Release|Mixed Platforms.Build.0 = Release|Any CPU
		{03077BB6-4F12-4572-B96B-85A33AC60DFF}.Release|x64.ActiveCfg = Release|Any CPU
		{03077BB6-4F12-4572-B96B-85A33AC60DFF}.Release|x86.ActiveCfg = Release|Any CPU
		{03077BB6-4F12-4572-B96B-85A33AC60DFF}.Release64|Any CPU.ActiveCfg = Release|Any CPU
		{03077BB6-4F12-4572-B96B-85A33AC60DFF}.Release64|Any CPU.Build.0 = Release|Any CPU
		{03077BB6-4F12-4572-B96B-85A33AC60DFF}.Release64|Mixed Platforms.ActiveCfg = Release|Any CPU
		{03077BB6-4F12-4572-B96B-85A33AC60DFF}.Release64|x64.ActiveCfg = Release|Any CPU
		{03077BB6-4F12-4572-B96B-85A33AC60DFF}.Release64|x86.ActiveCfg = Release|Any CPU
		{D7C0968B-59CA-4F94-A875-EF9DE8F098EB}.Dbg64|Any CPU.ActiveCfg = Debug|Any CPU
		{D7C0968B-59CA-4F94-A875-EF9DE8F098EB}.Dbg64|Any CPU.Build.0 = Debug|Any CPU
		{D7C0968B-59CA-4F94-A875-EF9DE8F098EB}.Dbg64|Mixed Platforms.ActiveCfg = Debug|Any CPU
		{D7C0968B-59CA-4F94-A875-EF9DE8F098EB}.Dbg64|Mixed Platforms.Build.0 = Debug|Any CPU
		{D7C0968B-59CA-4F94-A875-EF9DE8F098EB}.Dbg64|x64.ActiveCfg = Debug|Any CPU
		{D7C0968B-59CA-4F94-A875-EF9DE8F098EB}.Dbg64|x86.ActiveCfg = Debug|Any CPU
		{D7C0968B-59CA-4F94-A875-EF9DE8F098EB}.Debug|Any CPU.ActiveCfg = Debug|Any CPU
		{D7C0968B-59CA-4F94-A875-EF9DE8F098EB}.Debug|Any CPU.Build.0 = Debug|Any CPU
		{D7C0968B-59CA-4F94-A875-EF9DE8F098EB}.Debug|Mixed Platforms.ActiveCfg = Debug|Any CPU
		{D7C0968B-59CA-4F94-A875-EF9DE8F098EB}.Debug|Mixed Platforms.Build.0 = Debug|Any CPU
		{D7C0968B-59CA-4F94-A875-EF9DE8F098EB}.Debug|x64.ActiveCfg = Debug|Any CPU
		{D7C0968B-59CA-4F94-A875-EF9DE8F098EB}.Debug|x86.ActiveCfg = Debug|Any CPU
		{D7C0968B-59CA-4F94-A875-EF9DE8F098EB}.Release|Any CPU.ActiveCfg = Release|Any CPU
		{D7C0968B-59CA-4F94-A875-EF9DE8F098EB}.Release|Any CPU.Build.0 = Release|Any CPU
		{D7C0968B-59CA-4F94-A875-EF9DE8F098EB}.Release|Mixed Platforms.ActiveCfg = Release|Any CPU
		{D7C0968B-59CA-4F94-A875-EF9DE8F098EB}.Release|Mixed Platforms.Build.0 = Release|Any CPU
		{D7C0968B-59CA-4F94-A875-EF9DE8F098EB}.Release|x64.ActiveCfg = Release|Any CPU
		{D7C0968B-59CA-4F94-A875-EF9DE8F098EB}.Release|x86.ActiveCfg = Release|Any CPU
		{D7C0968B-59CA-4F94-A875-EF9DE8F098EB}.Release64|Any CPU.ActiveCfg = Release|Any CPU
		{D7C0968B-59CA-4F94-A875-EF9DE8F098EB}.Release64|Any CPU.Build.0 = Release|Any CPU
		{D7C0968B-59CA-4F94-A875-EF9DE8F098EB}.Release64|Mixed Platforms.ActiveCfg = Release|Any CPU
		{D7C0968B-59CA-4F94-A875-EF9DE8F098EB}.Release64|Mixed Platforms.Build.0 = Release|Any CPU
		{D7C0968B-59CA-4F94-A875-EF9DE8F098EB}.Release64|x64.ActiveCfg = Release|Any CPU
		{D7C0968B-59CA-4F94-A875-EF9DE8F098EB}.Release64|x86.ActiveCfg = Release|Any CPU
		{6D1FF34C-B8CB-4427-8AED-3C19917155D4}.Dbg64|Any CPU.ActiveCfg = Debug|Any CPU
		{6D1FF34C-B8CB-4427-8AED-3C19917155D4}.Dbg64|Any CPU.Build.0 = Debug|Any CPU
		{6D1FF34C-B8CB-4427-8AED-3C19917155D4}.Dbg64|Mixed Platforms.ActiveCfg = Debug|Any CPU
		{6D1FF34C-B8CB-4427-8AED-3C19917155D4}.Dbg64|Mixed Platforms.Build.0 = Debug|Any CPU
		{6D1FF34C-B8CB-4427-8AED-3C19917155D4}.Dbg64|x64.ActiveCfg = Debug|Any CPU
		{6D1FF34C-B8CB-4427-8AED-3C19917155D4}.Dbg64|x86.ActiveCfg = Debug|Any CPU
		{6D1FF34C-B8CB-4427-8AED-3C19917155D4}.Debug|Any CPU.ActiveCfg = Debug|Any CPU
		{6D1FF34C-B8CB-4427-8AED-3C19917155D4}.Debug|Any CPU.Build.0 = Debug|Any CPU
		{6D1FF34C-B8CB-4427-8AED-3C19917155D4}.Debug|Mixed Platforms.ActiveCfg = Debug|Any CPU
		{6D1FF34C-B8CB-4427-8AED-3C19917155D4}.Debug|Mixed Platforms.Build.0 = Debug|Any CPU
		{6D1FF34C-B8CB-4427-8AED-3C19917155D4}.Debug|x64.ActiveCfg = Debug|Any CPU
		{6D1FF34C-B8CB-4427-8AED-3C19917155D4}.Debug|x86.ActiveCfg = Debug|Any CPU
		{6D1FF34C-B8CB-4427-8AED-3C19917155D4}.Release|Any CPU.ActiveCfg = Release|Any CPU
		{6D1FF34C-B8CB-4427-8AED-3C19917155D4}.Release|Any CPU.Build.0 = Release|Any CPU
		{6D1FF34C-B8CB-4427-8AED-3C19917155D4}.Release|Mixed Platforms.ActiveCfg = Release|Any CPU
		{6D1FF34C-B8CB-4427-8AED-3C19917155D4}.Release|Mixed Platforms.Build.0 = Release|Any CPU
		{6D1FF34C-B8CB-4427-8AED-3C19917155D4}.Release|x64.ActiveCfg = Release|Any CPU
		{6D1FF34C-B8CB-4427-8AED-3C19917155D4}.Release|x86.ActiveCfg = Release|Any CPU
		{6D1FF34C-B8CB-4427-8AED-3C19917155D4}.Release64|Any CPU.ActiveCfg = Release|Any CPU
		{6D1FF34C-B8CB-4427-8AED-3C19917155D4}.Release64|Any CPU.Build.0 = Release|Any CPU
		{6D1FF34C-B8CB-4427-8AED-3C19917155D4}.Release64|Mixed Platforms.ActiveCfg = Release|Any CPU
		{6D1FF34C-B8CB-4427-8AED-3C19917155D4}.Release64|x64.ActiveCfg = Release|Any CPU
		{6D1FF34C-B8CB-4427-8AED-3C19917155D4}.Release64|x86.ActiveCfg = Release|Any CPU
		{5D703FC5-EA9A-4BBB-BF08-E3A80EFDDAA8}.Dbg64|Any CPU.ActiveCfg = Debug|Any CPU
		{5D703FC5-EA9A-4BBB-BF08-E3A80EFDDAA8}.Dbg64|Any CPU.Build.0 = Debug|Any CPU
		{5D703FC5-EA9A-4BBB-BF08-E3A80EFDDAA8}.Dbg64|Mixed Platforms.ActiveCfg = Debug|Any CPU
		{5D703FC5-EA9A-4BBB-BF08-E3A80EFDDAA8}.Dbg64|Mixed Platforms.Build.0 = Debug|Any CPU
		{5D703FC5-EA9A-4BBB-BF08-E3A80EFDDAA8}.Dbg64|x64.ActiveCfg = Debug|Any CPU
		{5D703FC5-EA9A-4BBB-BF08-E3A80EFDDAA8}.Dbg64|x86.ActiveCfg = Debug|Any CPU
		{5D703FC5-EA9A-4BBB-BF08-E3A80EFDDAA8}.Debug|Any CPU.ActiveCfg = Debug|Any CPU
		{5D703FC5-EA9A-4BBB-BF08-E3A80EFDDAA8}.Debug|Any CPU.Build.0 = Debug|Any CPU
		{5D703FC5-EA9A-4BBB-BF08-E3A80EFDDAA8}.Debug|Mixed Platforms.ActiveCfg = Debug|Any CPU
		{5D703FC5-EA9A-4BBB-BF08-E3A80EFDDAA8}.Debug|Mixed Platforms.Build.0 = Debug|Any CPU
		{5D703FC5-EA9A-4BBB-BF08-E3A80EFDDAA8}.Debug|x64.ActiveCfg = Debug|Any CPU
		{5D703FC5-EA9A-4BBB-BF08-E3A80EFDDAA8}.Debug|x86.ActiveCfg = Debug|Any CPU
		{5D703FC5-EA9A-4BBB-BF08-E3A80EFDDAA8}.Release|Any CPU.ActiveCfg = Release|Any CPU
		{5D703FC5-EA9A-4BBB-BF08-E3A80EFDDAA8}.Release|Any CPU.Build.0 = Release|Any CPU
		{5D703FC5-EA9A-4BBB-BF08-E3A80EFDDAA8}.Release|Mixed Platforms.ActiveCfg = Release|Any CPU
		{5D703FC5-EA9A-4BBB-BF08-E3A80EFDDAA8}.Release|Mixed Platforms.Build.0 = Release|Any CPU
		{5D703FC5-EA9A-4BBB-BF08-E3A80EFDDAA8}.Release|x64.ActiveCfg = Release|Any CPU
		{5D703FC5-EA9A-4BBB-BF08-E3A80EFDDAA8}.Release|x86.ActiveCfg = Release|Any CPU
		{5D703FC5-EA9A-4BBB-BF08-E3A80EFDDAA8}.Release64|Any CPU.ActiveCfg = Release|Any CPU
		{5D703FC5-EA9A-4BBB-BF08-E3A80EFDDAA8}.Release64|Any CPU.Build.0 = Release|Any CPU
		{5D703FC5-EA9A-4BBB-BF08-E3A80EFDDAA8}.Release64|Mixed Platforms.ActiveCfg = Release|Any CPU
		{5D703FC5-EA9A-4BBB-BF08-E3A80EFDDAA8}.Release64|Mixed Platforms.Build.0 = Release|Any CPU
		{5D703FC5-EA9A-4BBB-BF08-E3A80EFDDAA8}.Release64|x64.ActiveCfg = Release|Any CPU
		{5D703FC5-EA9A-4BBB-BF08-E3A80EFDDAA8}.Release64|x86.ActiveCfg = Release|Any CPU
		{0E7413FF-EB9E-4714-ACF2-BE3A6A7B2FFD}.Dbg64|Any CPU.ActiveCfg = Debug|Any CPU
		{0E7413FF-EB9E-4714-ACF2-BE3A6A7B2FFD}.Dbg64|Any CPU.Build.0 = Debug|Any CPU
		{0E7413FF-EB9E-4714-ACF2-BE3A6A7B2FFD}.Dbg64|Mixed Platforms.ActiveCfg = Debug|Any CPU
		{0E7413FF-EB9E-4714-ACF2-BE3A6A7B2FFD}.Dbg64|Mixed Platforms.Build.0 = Debug|Any CPU
		{0E7413FF-EB9E-4714-ACF2-BE3A6A7B2FFD}.Dbg64|x64.ActiveCfg = Debug|Any CPU
		{0E7413FF-EB9E-4714-ACF2-BE3A6A7B2FFD}.Dbg64|x86.ActiveCfg = Debug|Any CPU
		{0E7413FF-EB9E-4714-ACF2-BE3A6A7B2FFD}.Debug|Any CPU.ActiveCfg = Debug|Any CPU
		{0E7413FF-EB9E-4714-ACF2-BE3A6A7B2FFD}.Debug|Any CPU.Build.0 = Debug|Any CPU
		{0E7413FF-EB9E-4714-ACF2-BE3A6A7B2FFD}.Debug|Mixed Platforms.ActiveCfg = Debug|Any CPU
		{0E7413FF-EB9E-4714-ACF2-BE3A6A7B2FFD}.Debug|Mixed Platforms.Build.0 = Debug|Any CPU
		{0E7413FF-EB9E-4714-ACF2-BE3A6A7B2FFD}.Debug|x64.ActiveCfg = Debug|Any CPU
		{0E7413FF-EB9E-4714-ACF2-BE3A6A7B2FFD}.Debug|x86.ActiveCfg = Debug|Any CPU
		{0E7413FF-EB9E-4714-ACF2-BE3A6A7B2FFD}.Release|Any CPU.ActiveCfg = Release|Any CPU
		{0E7413FF-EB9E-4714-ACF2-BE3A6A7B2FFD}.Release|Any CPU.Build.0 = Release|Any CPU
		{0E7413FF-EB9E-4714-ACF2-BE3A6A7B2FFD}.Release|Mixed Platforms.ActiveCfg = Release|Any CPU
		{0E7413FF-EB9E-4714-ACF2-BE3A6A7B2FFD}.Release|Mixed Platforms.Build.0 = Release|Any CPU
		{0E7413FF-EB9E-4714-ACF2-BE3A6A7B2FFD}.Release|x64.ActiveCfg = Release|Any CPU
		{0E7413FF-EB9E-4714-ACF2-BE3A6A7B2FFD}.Release|x86.ActiveCfg = Release|Any CPU
		{0E7413FF-EB9E-4714-ACF2-BE3A6A7B2FFD}.Release64|Any CPU.ActiveCfg = Release|Any CPU
		{0E7413FF-EB9E-4714-ACF2-BE3A6A7B2FFD}.Release64|Any CPU.Build.0 = Release|Any CPU
		{0E7413FF-EB9E-4714-ACF2-BE3A6A7B2FFD}.Release64|Mixed Platforms.ActiveCfg = Release|Any CPU
		{0E7413FF-EB9E-4714-ACF2-BE3A6A7B2FFD}.Release64|Mixed Platforms.Build.0 = Release|Any CPU
		{0E7413FF-EB9E-4714-ACF2-BE3A6A7B2FFD}.Release64|x64.ActiveCfg = Release|Any CPU
		{0E7413FF-EB9E-4714-ACF2-BE3A6A7B2FFD}.Release64|x86.ActiveCfg = Release|Any CPU
	EndGlobalSection
	GlobalSection(SolutionProperties) = preSolution
		HideSolutionNode = FALSE
	EndGlobalSection
EndGlobal
